
Microsoft Visual Studio Solution File, Format Version 12.00
# Visual Studio Version 17
VisualStudioVersion = 17.11.35219.272
MinimumVisualStudioVersion = 10.0.40219.1
Project("{FAE04EC0-301F-11D3-BF4B-00C04F79EFBC}") = "myChatApp.Server", "myChatApp.Server\myChatApp.Server.csproj", "{088EEB8D-E0C8-48C0-B5E5-68CB9AEF43E0}"
EndProject
Project("{54A90642-561A-4BB1-A94E-469ADEE60C69}") = "mychatapp.client", "mychatapp.client\mychatapp.client.esproj", "{5371EFF3-4A61-4FC4-9E0D-261934C510F0}"
EndProject
Global
	GlobalSection(SolutionConfigurationPlatforms) = preSolution
		Debug|Any CPU = Debug|Any CPU
		Release|Any CPU = Release|Any CPU
	EndGlobalSection
	GlobalSection(ProjectConfigurationPlatforms) = postSolution
		{088EEB8D-E0C8-48C0-B5E5-68CB9AEF43E0}.Debug|Any CPU.ActiveCfg = Debug|Any CPU
		{088EEB8D-E0C8-48C0-B5E5-68CB9AEF43E0}.Debug|Any CPU.Build.0 = Debug|Any CPU
		{088EEB8D-E0C8-48C0-B5E5-68CB9AEF43E0}.Release|Any CPU.ActiveCfg = Release|Any CPU
		{088EEB8D-E0C8-48C0-B5E5-68CB9AEF43E0}.Release|Any CPU.Build.0 = Release|Any CPU
		{5371EFF3-4A61-4FC4-9E0D-261934C510F0}.Debug|Any CPU.ActiveCfg = Debug|Any CPU
		{5371EFF3-4A61-4FC4-9E0D-261934C510F0}.Debug|Any CPU.Build.0 = Debug|Any CPU
		{5371EFF3-4A61-4FC4-9E0D-261934C510F0}.Debug|Any CPU.Deploy.0 = Debug|Any CPU
		{5371EFF3-4A61-4FC4-9E0D-261934C510F0}.Release|Any CPU.ActiveCfg = Release|Any CPU
		{5371EFF3-4A61-4FC4-9E0D-261934C510F0}.Release|Any CPU.Build.0 = Release|Any CPU
		{5371EFF3-4A61-4FC4-9E0D-261934C510F0}.Release|Any CPU.Deploy.0 = Release|Any CPU
	EndGlobalSection
	GlobalSection(SolutionProperties) = preSolution
		HideSolutionNode = FALSE
	EndGlobalSection
	GlobalSection(ExtensibilityGlobals) = postSolution
		SolutionGuid = {B2267DD2-321A-47C6-B071-E9BDC31892C0}
	EndGlobalSection
EndGlobal
